<?xml version="1.0" encoding="utf-8"?>
<Project ToolsVersion="4.0" xmlns="http://schemas.microsoft.com/developer/msbuild/2003">
  <ItemGroup>
    <Filter Include="Source Files">
      <UniqueIdentifier>{93b4d870-ed77-4fda-9cfc-f93fc8c1e8cd}</UniqueIdentifier>
      <Extensions>cpp</Extensions>
    </Filter>
    <Filter Include="Header Files">
      <UniqueIdentifier>{4468f6f9-6bba-47a2-b102-335e6a51213a}</UniqueIdentifier>
      <Extensions>h</Extensions>
    </Filter>
    <Filter Include="Miscellaneous Files">
      <UniqueIdentifier>{7ca4678a-965d-472e-870d-f3d5c5160549}</UniqueIdentifier>
      <Extensions>txt</Extensions>
    </Filter>
  </ItemGroup>
  <ItemGroup>
    <Text Include="ReadMe.txt">
      <Filter>Miscellaneous Files</Filter>
    </Text>
    <Text Include="Options.txt">
      <Filter>Miscellaneous Files</Filter>
    </Text>
  </ItemGroup>
  <ItemGroup>
    <ClCompile Include="source\animCurveUtils.cpp">
      <Filter>Source Files</Filter>
    </ClCompile>
    <ClCompile Include="source\BufferPath.cpp">
      <Filter>Source Files</Filter>
    </ClCompile>
    <ClCompile Include="source\CameraCache.cpp">
      <Filter>Source Files</Filter>
    </ClCompile>
    <ClCompile Include="source\ContextUtils.cpp">
      <Filter>Source Files</Filter>
    </ClCompile>
    <ClCompile Include="source\DrawUtils.cpp">
      <Filter>Source Files</Filter>
    </ClCompile>
    <ClCompile Include="source\GlobalSettings.cpp">
      <Filter>Source Files</Filter>
    </ClCompile>
    <ClCompile Include="source\KeyClipboard.cpp">
      <Filter>Source Files</Filter>
    </ClCompile>
    <ClCompile Include="source\Keyframe.cpp">
      <Filter>Source Files</Filter>
    </ClCompile>
    <ClCompile Include="source\MotionPath.cpp">
      <Filter>Source Files</Filter>
    </ClCompile>
    <ClCompile Include="source\MotionPathCmd.cpp">
      <Filter>Source Files</Filter>
    </ClCompile>
    <ClCompile Include="source\MotionPathDrawContext.cpp">
      <Filter>Source Files</Filter>
    </ClCompile>
    <ClCompile Include="source\MotionPathEditContext.cpp">
      <Filter>Source Files</Filter>
    </ClCompile>
    <ClCompile Include="source\MotionPathEditContextMenuWidget.cpp">
      <Filter>Source Files</Filter>
    </ClCompile>
    <ClCompile Include="source\MotionPathEditContextMenuWidgetMoc.cpp">
      <Filter>Source Files</Filter>
    </ClCompile>
    <ClCompile Include="source\MotionPathManager.cpp">
      <Filter>Source Files</Filter>
    </ClCompile>
    <ClCompile Include="source\MotionPathOverride.cpp">
      <Filter>Source Files</Filter>
    </ClCompile>
    <ClCompile Include="source\PluginMain.cpp">
      <Filter>Source Files</Filter>
    </ClCompile>
    <ClCompile Include="source\Vp2DrawUtils.cpp">
      <Filter>Source Files</Filter>
    </ClCompile>
  </ItemGroup>
  <ItemGroup>
    <ResourceCompile Include="motionPath.rc" />
  </ItemGroup>
  <ItemGroup>
    <ClInclude Include="include\animCurveUtils.h">
      <Filter>Header Files</Filter>
    </ClInclude>
    <ClInclude Include="include\BufferPath.h">
      <Filter>Header Files</Filter>
    </ClInclude>
    <ClInclude Include="include\CameraCache.h">
      <Filter>Header Files</Filter>
    </ClInclude>
    <ClInclude Include="include\ContextUtils.h">
      <Filter>Header Files</Filter>
    </ClInclude>
    <ClInclude Include="include\DrawUtils.h">
      <Filter>Header Files</Filter>
    </ClInclude>
    <ClInclude Include="include\GlobalSettings.h">
      <Filter>Header Files</Filter>
    </ClInclude>
    <ClInclude Include="include\KeyClipboard.h">
      <Filter>Header Files</Filter>
    </ClInclude>
    <ClInclude Include="include\Keyframe.h">
      <Filter>Header Files</Filter>
    </ClInclude>
    <ClInclude Include="include\MotionPath.h">
      <Filter>Header Files</Filter>
    </ClInclude>
    <ClInclude Include="include\MotionPathCmd.h">
      <Filter>Header Files</Filter>
    </ClInclude>
    <ClInclude Include="include\MotionPathDrawContext.h">
      <Filter>Header Files</Filter>
    </ClInclude>
    <ClInclude Include="include\MotionPathEditContext.h">
      <Filter>Header Files</Filter>
    </ClInclude>
    <ClInclude Include="include\MotionPathEditContextMenuWidget.h">
      <Filter>Header Files</Filter>
    </ClInclude>
    <ClInclude Include="include\MotionPathManager.h">
      <Filter>Header Files</Filter>
    </ClInclude>
    <ClInclude Include="include\MotionPathOverride.h">
      <Filter>Header Files</Filter>
    </ClInclude>
    <ClInclude Include="include\Vp2DrawUtils.h">
      <Filter>Header Files</Filter>
    </ClInclude>
  </ItemGroup>
</Project>